<?xml version="1.0" encoding="utf-8"?>
<Project ToolsVersion="4.0" xmlns="http://schemas.microsoft.com/developer/msbuild/2003">
  <ItemGroup>
    <ClCompile Include="main.cpp" />
  </ItemGroup>
  <ItemGroup>
    <ClInclude Include="stdafx.h" />
    <ClInclude Include="pattern\singleton.hpp">
      <Filter>pattern\singleton</Filter>
    </ClInclude>
    <ClInclude Include="pattern\singleton\singleton_call_once.h">
      <Filter>pattern\singleton</Filter>
    </ClInclude>
    <ClInclude Include="pattern\singleton\singleton.h">
      <Filter>pattern\singleton</Filter>
    </ClInclude>
  </ItemGroup>
  <ItemGroup>
    <Filter Include="pattern">
      <UniqueIdentifier>{1cabf7d3-dd27-402a-8520-b085e0dc26f3}</UniqueIdentifier>
    </Filter>
    <Filter Include="pattern\singleton">
      <UniqueIdentifier>{a0bf9d77-b2bf-4efe-8ef6-99a5bb85bd71}</UniqueIdentifier>
    </Filter>
  </ItemGroup>
  <ItemGroup>
    <Text Include="pattern list.txt">
      <Filter>pattern</Filter>
    </Text>
  </ItemGroup>
</Project>